# @generated by Move, please check-in and do not edit manually.

[move]
version = 3
manifest_digest = "0338B058EEDFF4CD77B3484384D70C4A07F50F032C47647608EE37B69B4BF5ED"
deps_digest = "F8BBB0CCB2491CA29A3DF03D6F92277A4F3574266507ACD77214D37ECA3F3082"
dependencies = [
  { id = "Sui", name = "Sui" },
]

[[move.package]]
id = "MoveStdlib"
source = { git = "https://github.com/MystenLabs/sui.git", rev = "framework/testnet", subdir = "crates\\sui-framework\\packages\\move-stdlib" }

[[move.package]]
id = "Sui"
source = { git = "https://github.com/MystenLabs/sui.git", rev = "framework/testnet", subdir = "crates/sui-framework/packages/sui-framework" }

dependencies = [
  { id = "MoveStdlib", name = "MoveStdlib" },
]

[move.toolchain-version]
compiler-version = "1.58.2"
edition = "2024.beta"
flavor = "sui"

[env]

[env.testnet]
chain-id = "4c78adac"
original-published-id = "0x3fddf8dfdbf68179786935a369c2f8c22ac433f2d83e00b197c7fbcb490939bc"
latest-published-id = "0x3fddf8dfdbf68179786935a369c2f8c22ac433f2d83e00b197c7fbcb490939bc"
published-version = "1"
